// !$*UTF8*$!
{
	archiveVersion = 1;
	classes = {
	};
	objectVersion = 56;
	objects = {

/* Begin PBXBuildFile section */
		7C7E32F72D24610800BB3211 /* TimePickerView.swift in Sources */ = {isa = PBXBuildFile; fileRef = 7C7E32F62D24610800BB3211 /* TimePickerView.swift */; };
		7C7E32F92D2461A900BB3211 /* MapSelectionView.swift in Sources */ = {isa = PBXBuildFile; fileRef = 7C7E32F82D2461A900BB3211 /* MapSelectionView.swift */; };
		7C8956442CFF492700283908 /* Takeit_SwiftUIApp.swift in Sources */ = {isa = PBXBuildFile; fileRef = 7C8956432CFF492700283908 /* Takeit_SwiftUIApp.swift */; };
		7C8956462CFF492700283908 /* ContentView.swift in Sources */ = {isa = PBXBuildFile; fileRef = 7C8956452CFF492700283908 /* ContentView.swift */; };
		7C8956482CFF492800283908 /* Assets.xcassets in Resources */ = {isa = PBXBuildFile; fileRef = 7C8956472CFF492800283908 /* Assets.xcassets */; };
		7C89564B2CFF492800283908 /* Preview Assets.xcassets in Resources */ = {isa = PBXBuildFile; fileRef = 7C89564A2CFF492800283908 /* Preview Assets.xcassets */; };
		7C8956602D0C35EA00283908 /* HomePageView.swift in Sources */ = {isa = PBXBuildFile; fileRef = 7C89565F2D0C35EA00283908 /* HomePageView.swift */; };
		7C8956622D0C362200283908 /* ReservationFormView.swift in Sources */ = {isa = PBXBuildFile; fileRef = 7C8956612D0C362200283908 /* ReservationFormView.swift */; };
		7C8956642D0C366E00283908 /* LeafPageView.swift in Sources */ = {isa = PBXBuildFile; fileRef = 7C8956632D0C366E00283908 /* LeafPageView.swift */; };
		7C8956662D0C368B00283908 /* UserPageView.swift in Sources */ = {isa = PBXBuildFile; fileRef = 7C8956652D0C368B00283908 /* UserPageView.swift */; };
		7C8956682D0C36C800283908 /* SettingView.swift in Sources */ = {isa = PBXBuildFile; fileRef = 7C8956672D0C36C800283908 /* SettingView.swift */; };
		7C89566C2D0C387100283908 /* NotificationsPageView.swift in Sources */ = {isa = PBXBuildFile; fileRef = 7C89566B2D0C387100283908 /* NotificationsPageView.swift */; };
		7C8956722D1BD76700283908 /* InterpreterContentView.swift in Sources */ = {isa = PBXBuildFile; fileRef = 7C8956712D1BD76700283908 /* InterpreterContentView.swift */; };
		7C8956742D1BD85800283908 /* InterpreterHomePageView.swift in Sources */ = {isa = PBXBuildFile; fileRef = 7C8956732D1BD85800283908 /* InterpreterHomePageView.swift */; };
		7C8956A32D1D29E300283908 /* GoogleService-Info.plist in Resources */ = {isa = PBXBuildFile; fileRef = 7C8956A22D1D29E300283908 /* GoogleService-Info.plist */; };
		7C8956A62D1D2A1700283908 /* FirebaseAnalytics in Frameworks */ = {isa = PBXBuildFile; productRef = 7C8956A52D1D2A1700283908 /* FirebaseAnalytics */; };
		7C8956A82D1D2A1700283908 /* FirebaseCore in Frameworks */ = {isa = PBXBuildFile; productRef = 7C8956A72D1D2A1700283908 /* FirebaseCore */; };
		7C8956AA2D1D2A1700283908 /* FirebaseDatabase in Frameworks */ = {isa = PBXBuildFile; productRef = 7C8956A92D1D2A1700283908 /* FirebaseDatabase */; };
		7C8956AC2D1D2A1700283908 /* FirebaseFirestore in Frameworks */ = {isa = PBXBuildFile; productRef = 7C8956AB2D1D2A1700283908 /* FirebaseFirestore */; };
		7C8956AE2D1D2BAC00283908 /* ReservationData.swift in Sources */ = {isa = PBXBuildFile; fileRef = 7C8956AD2D1D2BAC00283908 /* ReservationData.swift */; };
		7C8956B02D1D313700283908 /* ViewModel.swift in Sources */ = {isa = PBXBuildFile; fileRef = 7C8956AF2D1D313700283908 /* ViewModel.swift */; };
		7C8956B22D1E481800283908 /* FirestoreManager.swift in Sources */ = {isa = PBXBuildFile; fileRef = 7C8956B12D1E481800283908 /* FirestoreManager.swift */; };
		7C8956B42D1F0E5B00283908 /* CheckDetail.swift in Sources */ = {isa = PBXBuildFile; fileRef = 7C8956B32D1F0E5B00283908 /* CheckDetail.swift */; };
		7C9FD7182D4B81E0001FB221 /* Date.swift in Sources */ = {isa = PBXBuildFile; fileRef = 7C9FD7172D4B81E0001FB221 /* Date.swift */; };
		7C9FD75B2D5615CC001FB221 /* CheckDetails.swift in Sources */ = {isa = PBXBuildFile; fileRef = 7C9FD75A2D5615CC001FB221 /* CheckDetails.swift */; };
/* End PBXBuildFile section */

/* Begin PBXFileReference section */
		7C7E32F62D24610800BB3211 /* TimePickerView.swift */ = {isa = PBXFileReference; lastKnownFileType = sourcecode.swift; path = TimePickerView.swift; sourceTree = "<group>"; };
		7C7E32F82D2461A900BB3211 /* MapSelectionView.swift */ = {isa = PBXFileReference; lastKnownFileType = sourcecode.swift; path = MapSelectionView.swift; sourceTree = "<group>"; };
		7C8956402CFF492700283908 /* Takeit SwiftUI.app */ = {isa = PBXFileReference; explicitFileType = wrapper.application; includeInIndex = 0; path = "Takeit SwiftUI.app"; sourceTree = BUILT_PRODUCTS_DIR; };
		7C8956432CFF492700283908 /* Takeit_SwiftUIApp.swift */ = {isa = PBXFileReference; lastKnownFileType = sourcecode.swift; path = Takeit_SwiftUIApp.swift; sourceTree = "<group>"; };
		7C8956452CFF492700283908 /* ContentView.swift */ = {isa = PBXFileReference; lastKnownFileType = sourcecode.swift; path = ContentView.swift; sourceTree = "<group>"; };
		7C8956472CFF492800283908 /* Assets.xcassets */ = {isa = PBXFileReference; lastKnownFileType = folder.assetcatalog; path = Assets.xcassets; sourceTree = "<group>"; };
		7C89564A2CFF492800283908 /* Preview Assets.xcassets */ = {isa = PBXFileReference; lastKnownFileType = folder.assetcatalog; path = "Preview Assets.xcassets"; sourceTree = "<group>"; };
		7C89565F2D0C35EA00283908 /* HomePageView.swift */ = {isa = PBXFileReference; lastKnownFileType = sourcecode.swift; path = HomePageView.swift; sourceTree = "<group>"; };
		7C8956612D0C362200283908 /* ReservationFormView.swift */ = {isa = PBXFileReference; lastKnownFileType = sourcecode.swift; path = ReservationFormView.swift; sourceTree = "<group>"; };
		7C8956632D0C366E00283908 /* LeafPageView.swift */ = {isa = PBXFileReference; lastKnownFileType = sourcecode.swift; path = LeafPageView.swift; sourceTree = "<group>"; };
		7C8956652D0C368B00283908 /* UserPageView.swift */ = {isa = PBXFileReference; lastKnownFileType = sourcecode.swift; path = UserPageView.swift; sourceTree = "<group>"; };
		7C8956672D0C36C800283908 /* SettingView.swift */ = {isa = PBXFileReference; lastKnownFileType = sourcecode.swift; path = SettingView.swift; sourceTree = "<group>"; };
		7C89566B2D0C387100283908 /* NotificationsPageView.swift */ = {isa = PBXFileReference; lastKnownFileType = sourcecode.swift; path = NotificationsPageView.swift; sourceTree = "<group>"; };
		7C8956712D1BD76700283908 /* InterpreterContentView.swift */ = {isa = PBXFileReference; lastKnownFileType = sourcecode.swift; path = InterpreterContentView.swift; sourceTree = "<group>"; };
		7C8956732D1BD85800283908 /* InterpreterHomePageView.swift */ = {isa = PBXFileReference; lastKnownFileType = sourcecode.swift; path = InterpreterHomePageView.swift; sourceTree = "<group>"; };
		7C8956A22D1D29E300283908 /* GoogleService-Info.plist */ = {isa = PBXFileReference; fileEncoding = 4; lastKnownFileType = text.plist.xml; path = "GoogleService-Info.plist"; sourceTree = "<group>"; };
		7C8956AD2D1D2BAC00283908 /* ReservationData.swift */ = {isa = PBXFileReference; lastKnownFileType = sourcecode.swift; path = ReservationData.swift; sourceTree = "<group>"; };
		7C8956AF2D1D313700283908 /* ViewModel.swift */ = {isa = PBXFileReference; lastKnownFileType = sourcecode.swift; path = ViewModel.swift; sourceTree = "<group>"; };
		7C8956B12D1E481800283908 /* FirestoreManager.swift */ = {isa = PBXFileReference; lastKnownFileType = sourcecode.swift; path = FirestoreManager.swift; sourceTree = "<group>"; };
		7C8956B32D1F0E5B00283908 /* CheckDetail.swift */ = {isa = PBXFileReference; lastKnownFileType = sourcecode.swift; path = CheckDetail.swift; sourceTree = "<group>"; };
		7C9FD7172D4B81E0001FB221 /* Date.swift */ = {isa = PBXFileReference; lastKnownFileType = sourcecode.swift; path = Date.swift; sourceTree = "<group>"; };
		7C9FD75A2D5615CC001FB221 /* CheckDetails.swift */ = {isa = PBXFileReference; lastKnownFileType = sourcecode.swift; path = CheckDetails.swift; sourceTree = "<group>"; };
/* End PBXFileReference section */

/* Begin PBXFrameworksBuildPhase section */
		7C89563D2CFF492700283908 /* Frameworks */ = {
			isa = PBXFrameworksBuildPhase;
			buildActionMask = 2147483647;
			files = (
				7C8956AA2D1D2A1700283908 /* FirebaseDatabase in Frameworks */,
				7C8956AC2D1D2A1700283908 /* FirebaseFirestore in Frameworks */,
				7C8956A82D1D2A1700283908 /* FirebaseCore in Frameworks */,
				7C8956A62D1D2A1700283908 /* FirebaseAnalytics in Frameworks */,
			);
			runOnlyForDeploymentPostprocessing = 0;
		};
/* End PBXFrameworksBuildPhase section */

/* Begin PBXGroup section */
		7C8956372CFF492700283908 = {
			isa = PBXGroup;
			children = (
				7C9FD75A2D5615CC001FB221 /* CheckDetails.swift */,
				7C8956422CFF492700283908 /* Takeit SwiftUI */,
				7C8956412CFF492700283908 /* Products */,
			);
			sourceTree = "<group>";
		};
		7C8956412CFF492700283908 /* Products */ = {
			isa = PBXGroup;
			children = (
				7C8956402CFF492700283908 /* Takeit SwiftUI.app */,
			);
			name = Products;
			sourceTree = "<group>";
		};
		7C8956422CFF492700283908 /* Takeit SwiftUI */ = {
			isa = PBXGroup;
			children = (
				7C8956A22D1D29E300283908 /* GoogleService-Info.plist */,
				7C9FD7192D4BC22D001FB221 /* Extension */,
				7C89566D2D0C3C8300283908 /* View */,
				7C89566E2D0C3CCF00283908 /* Model */,
				7C8956432CFF492700283908 /* Takeit_SwiftUIApp.swift */,
				7C8956452CFF492700283908 /* ContentView.swift */,
				7C8956AF2D1D313700283908 /* ViewModel.swift */,
				7C8956712D1BD76700283908 /* InterpreterContentView.swift */,
				7C8956472CFF492800283908 /* Assets.xcassets */,
				7C8956492CFF492800283908 /* Preview Content */,
			);
			path = "Takeit SwiftUI";
			sourceTree = "<group>";
		};
		7C8956492CFF492800283908 /* Preview Content */ = {
			isa = PBXGroup;
			children = (
				7C89564A2CFF492800283908 /* Preview Assets.xcassets */,
			);
			path = "Preview Content";
			sourceTree = "<group>";
		};
		7C89566D2D0C3C8300283908 /* View */ = {
			isa = PBXGroup;
			children = (
				7C8956612D0C362200283908 /* ReservationFormView.swift */,
				7C8956672D0C36C800283908 /* SettingView.swift */,
				7C8956652D0C368B00283908 /* UserPageView.swift */,
				7C7E32F82D2461A900BB3211 /* MapSelectionView.swift */,
				7C7E32F62D24610800BB3211 /* TimePickerView.swift */,
				7C8956632D0C366E00283908 /* LeafPageView.swift */,
				7C8956B32D1F0E5B00283908 /* CheckDetail.swift */,
				7C89565F2D0C35EA00283908 /* HomePageView.swift */,
				7C8956732D1BD85800283908 /* InterpreterHomePageView.swift */,
				7C89566B2D0C387100283908 /* NotificationsPageView.swift */,
			);
			path = View;
			sourceTree = "<group>";
		};
		7C89566E2D0C3CCF00283908 /* Model */ = {
			isa = PBXGroup;
			children = (
				7C8956AD2D1D2BAC00283908 /* ReservationData.swift */,
				7C8956B12D1E481800283908 /* FirestoreManager.swift */,
			);
			path = Model;
			sourceTree = "<group>";
		};
		7C9FD7192D4BC22D001FB221 /* Extension */ = {
			isa = PBXGroup;
			children = (
				7C9FD7172D4B81E0001FB221 /* Date.swift */,
			);
			path = Extension;
			sourceTree = "<group>";
		};
/* End PBXGroup section */

/* Begin PBXNativeTarget section */
		7C89563F2CFF492700283908 /* Takeit SwiftUI */ = {
			isa = PBXNativeTarget;
			buildConfigurationList = 7C89564E2CFF492800283908 /* Build configuration list for PBXNativeTarget "Takeit SwiftUI" */;
			buildPhases = (
				7C89563C2CFF492700283908 /* Sources */,
				7C89563D2CFF492700283908 /* Frameworks */,
				7C89563E2CFF492700283908 /* Resources */,
			);
			buildRules = (
			);
			dependencies = (
			);
			name = "Takeit SwiftUI";
			packageProductDependencies = (
				7C8956A52D1D2A1700283908 /* FirebaseAnalytics */,
				7C8956A72D1D2A1700283908 /* FirebaseCore */,
				7C8956A92D1D2A1700283908 /* FirebaseDatabase */,
				7C8956AB2D1D2A1700283908 /* FirebaseFirestore */,
			);
			productName = "Takeit SwiftUI";
			productReference = 7C8956402CFF492700283908 /* Takeit SwiftUI.app */;
			productType = "com.apple.product-type.application";
		};
/* End PBXNativeTarget section */

/* Begin PBXProject section */
		7C8956382CFF492700283908 /* Project object */ = {
			isa = PBXProject;
			attributes = {
				BuildIndependentTargetsInParallel = 1;
				LastSwiftUpdateCheck = 1540;
				LastUpgradeCheck = 1540;
				TargetAttributes = {
					7C89563F2CFF492700283908 = {
						CreatedOnToolsVersion = 15.4;
					};
				};
			};
			buildConfigurationList = 7C89563B2CFF492700283908 /* Build configuration list for PBXProject "Takeit SwiftUI" */;
			compatibilityVersion = "Xcode 14.0";
			developmentRegion = en;
			hasScannedForEncodings = 0;
			knownRegions = (
				en,
				Base,
			);
			mainGroup = 7C8956372CFF492700283908;
			packageReferences = (
				7C8956A42D1D2A1700283908 /* XCRemoteSwiftPackageReference "firebase-ios-sdk" */,
			);
			productRefGroup = 7C8956412CFF492700283908 /* Products */;
			projectDirPath = "";
			projectRoot = "";
			targets = (
				7C89563F2CFF492700283908 /* Takeit SwiftUI */,
			);
		};
/* End PBXProject section */

/* Begin PBXResourcesBuildPhase section */
		7C89563E2CFF492700283908 /* Resources */ = {
			isa = PBXResourcesBuildPhase;
			buildActionMask = 2147483647;
			files = (
				7C89564B2CFF492800283908 /* Preview Assets.xcassets in Resources */,
				7C8956A32D1D29E300283908 /* GoogleService-Info.plist in Resources */,
				7C8956482CFF492800283908 /* Assets.xcassets in Resources */,
			);
			runOnlyForDeploymentPostprocessing = 0;
		};
/* End PBXResourcesBuildPhase section */

/* Begin PBXSourcesBuildPhase section */
		7C89563C2CFF492700283908 /* Sources */ = {
			isa = PBXSourcesBuildPhase;
			buildActionMask = 2147483647;
			files = (
				7C7E32F92D2461A900BB3211 /* MapSelectionView.swift in Sources */,
				7C8956682D0C36C800283908 /* SettingView.swift in Sources */,
				7C8956B42D1F0E5B00283908 /* CheckDetail.swift in Sources */,
				7C9FD75B2D5615CC001FB221 /* CheckDetails.swift in Sources */,
				7C89566C2D0C387100283908 /* NotificationsPageView.swift in Sources */,
				7C8956462CFF492700283908 /* ContentView.swift in Sources */,
				7C8956AE2D1D2BAC00283908 /* ReservationData.swift in Sources */,
				7C9FD7182D4B81E0001FB221 /* Date.swift in Sources */,
				7C8956602D0C35EA00283908 /* HomePageView.swift in Sources */,
				7C8956642D0C366E00283908 /* LeafPageView.swift in Sources */,
				7C8956622D0C362200283908 /* ReservationFormView.swift in Sources */,
				7C8956662D0C368B00283908 /* UserPageView.swift in Sources */,
				7C8956722D1BD76700283908 /* InterpreterContentView.swift in Sources */,
				7C8956742D1BD85800283908 /* InterpreterHomePageView.swift in Sources */,
				7C8956B02D1D313700283908 /* ViewModel.swift in Sources */,
				7C8956442CFF492700283908 /* Takeit_SwiftUIApp.swift in Sources */,
				7C7E32F72D24610800BB3211 /* TimePickerView.swift in Sources */,
				7C8956B22D1E481800283908 /* FirestoreManager.swift in Sources */,
			);
			runOnlyForDeploymentPostprocessing = 0;
		};
/* End PBXSourcesBuildPhase section */

/* Begin XCBuildConfiguration section */
		7C89564C2CFF492800283908 /* Debug */ = {
			isa = XCBuildConfiguration;
			buildSettings = {
				ALWAYS_SEARCH_USER_PATHS = NO;
				ASSETCATALOG_COMPILER_GENERATE_SWIFT_ASSET_SYMBOL_EXTENSIONS = YES;
				CLANG_ANALYZER_NONNULL = YES;
				CLANG_ANALYZER_NUMBER_OBJECT_CONVERSION = YES_AGGRESSIVE;
				CLANG_CXX_LANGUAGE_STANDARD = "gnu++20";
				CLANG_ENABLE_MODULES = YES;
				CLANG_ENABLE_OBJC_ARC = YES;
				CLANG_ENABLE_OBJC_WEAK = YES;
				CLANG_WARN_BLOCK_CAPTURE_AUTORELEASING = YES;
				CLANG_WARN_BOOL_CONVERSION = YES;
				CLANG_WARN_COMMA = YES;
				CLANG_WARN_CONSTANT_CONVERSION = YES;
				CLANG_WARN_DEPRECATED_OBJC_IMPLEMENTATIONS = YES;
				CLANG_WARN_DIRECT_OBJC_ISA_USAGE = YES_ERROR;
				CLANG_WARN_DOCUMENTATION_COMMENTS = YES;
				CLANG_WARN_EMPTY_BODY = YES;
				CLANG_WARN_ENUM_CONVERSION = YES;
				CLANG_WARN_INFINITE_RECURSION = YES;
				CLANG_WARN_INT_CONVERSION = YES;
				CLANG_WARN_NON_LITERAL_NULL_CONVERSION = YES;
				CLANG_WARN_OBJC_IMPLICIT_RETAIN_SELF = YES;
				CLANG_WARN_OBJC_LITERAL_CONVERSION = YES;
				CLANG_WARN_OBJC_ROOT_CLASS = YES_ERROR;
				CLANG_WARN_QUOTED_INCLUDE_IN_FRAMEWORK_HEADER = YES;
				CLANG_WARN_RANGE_LOOP_ANALYSIS = YES;
				CLANG_WARN_STRICT_PROTOTYPES = YES;
				CLANG_WARN_SUSPICIOUS_MOVE = YES;
				CLANG_WARN_UNGUARDED_AVAILABILITY = YES_AGGRESSIVE;
				CLANG_WARN_UNREACHABLE_CODE = YES;
				CLANG_WARN__DUPLICATE_METHOD_MATCH = YES;
				COPY_PHASE_STRIP = NO;
				DEBUG_INFORMATION_FORMAT = dwarf;
				ENABLE_STRICT_OBJC_MSGSEND = YES;
				ENABLE_TESTABILITY = YES;
				ENABLE_USER_SCRIPT_SANDBOXING = YES;
				GCC_C_LANGUAGE_STANDARD = gnu17;
				GCC_DYNAMIC_NO_PIC = NO;
				GCC_NO_COMMON_BLOCKS = YES;
				GCC_OPTIMIZATION_LEVEL = 0;
				GCC_PREPROCESSOR_DEFINITIONS = (
					"DEBUG=1",
					"$(inherited)",
				);
				GCC_WARN_64_TO_32_BIT_CONVERSION = YES;
				GCC_WARN_ABOUT_RETURN_TYPE = YES_ERROR;
				GCC_WARN_UNDECLARED_SELECTOR = YES;
				GCC_WARN_UNINITIALIZED_AUTOS = YES_AGGRESSIVE;
				GCC_WARN_UNUSED_FUNCTION = YES;
				GCC_WARN_UNUSED_VARIABLE = YES;
				IPHONEOS_DEPLOYMENT_TARGET = 17.5;
				LOCALIZATION_PREFERS_STRING_CATALOGS = YES;
				MTL_ENABLE_DEBUG_INFO = INCLUDE_SOURCE;
				MTL_FAST_MATH = YES;
				ONLY_ACTIVE_ARCH = YES;
				SDKROOT = iphoneos;
				SWIFT_ACTIVE_COMPILATION_CONDITIONS = "DEBUG $(inherited)";
				SWIFT_OPTIMIZATION_LEVEL = "-Onone";
			};
			name = Debug;
		};
		7C89564D2CFF492800283908 /* Release */ = {
			isa = XCBuildConfiguration;
			buildSettings = {
				ALWAYS_SEARCH_USER_PATHS = NO;
				ASSETCATALOG_COMPILER_GENERATE_SWIFT_ASSET_SYMBOL_EXTENSIONS = YES;
				CLANG_ANALYZER_NONNULL = YES;
				CLANG_ANALYZER_NUMBER_OBJECT_CONVERSION = YES_AGGRESSIVE;
				CLANG_CXX_LANGUAGE_STANDARD = "gnu++20";
				CLANG_ENABLE_MODULES = YES;
				CLANG_ENABLE_OBJC_ARC = YES;
				CLANG_ENABLE_OBJC_WEAK = YES;
				CLANG_WARN_BLOCK_CAPTURE_AUTORELEASING = YES;
				CLANG_WARN_BOOL_CONVERSION = YES;
				CLANG_WARN_COMMA = YES;
				CLANG_WARN_CONSTANT_CONVERSION = YES;
				CLANG_WARN_DEPRECATED_OBJC_IMPLEMENTATIONS = YES;
				CLANG_WARN_DIRECT_OBJC_ISA_USAGE = YES_ERROR;
				CLANG_WARN_DOCUMENTATION_COMMENTS = YES;
				CLANG_WARN_EMPTY_BODY = YES;
				CLANG_WARN_ENUM_CONVERSION = YES;
				CLANG_WARN_INFINITE_RECURSION = YES;
				CLANG_WARN_INT_CONVERSION = YES;
				CLANG_WARN_NON_LITERAL_NULL_CONVERSION = YES;
				CLANG_WARN_OBJC_IMPLICIT_RETAIN_SELF = YES;
				CLANG_WARN_OBJC_LITERAL_CONVERSION = YES;
				CLANG_WARN_OBJC_ROOT_CLASS = YES_ERROR;
				CLANG_WARN_QUOTED_INCLUDE_IN_FRAMEWORK_HEADER = YES;
				CLANG_WARN_RANGE_LOOP_ANALYSIS = YES;
				CLANG_WARN_STRICT_PROTOTYPES = YES;
				CLANG_WARN_SUSPICIOUS_MOVE = YES;
				CLANG_WARN_UNGUARDED_AVAILABILITY = YES_AGGRESSIVE;
				CLANG_WARN_UNREACHABLE_CODE = YES;
				CLANG_WARN__DUPLICATE_METHOD_MATCH = YES;
				COPY_PHASE_STRIP = NO;
				DEBUG_INFORMATION_FORMAT = "dwarf-with-dsym";
				ENABLE_NS_ASSERTIONS = NO;
				ENABLE_STRICT_OBJC_MSGSEND = YES;
				ENABLE_USER_SCRIPT_SANDBOXING = YES;
				GCC_C_LANGUAGE_STANDARD = gnu17;
				GCC_NO_COMMON_BLOCKS = YES;
				GCC_WARN_64_TO_32_BIT_CONVERSION = YES;
				GCC_WARN_ABOUT_RETURN_TYPE = YES_ERROR;
				GCC_WARN_UNDECLARED_SELECTOR = YES;
				GCC_WARN_UNINITIALIZED_AUTOS = YES_AGGRESSIVE;
				GCC_WARN_UNUSED_FUNCTION = YES;
				GCC_WARN_UNUSED_VARIABLE = YES;
				IPHONEOS_DEPLOYMENT_TARGET = 17.5;
				LOCALIZATION_PREFERS_STRING_CATALOGS = YES;
				MTL_ENABLE_DEBUG_INFO = NO;
				MTL_FAST_MATH = YES;
				SDKROOT = iphoneos;
				SWIFT_COMPILATION_MODE = wholemodule;
				VALIDATE_PRODUCT = YES;
			};
			name = Release;
		};
		7C89564F2CFF492800283908 /* Debug */ = {
			isa = XCBuildConfiguration;
			buildSettings = {
				ASSETCATALOG_COMPILER_APPICON_NAME = AppIcon;
				ASSETCATALOG_COMPILER_GLOBAL_ACCENT_COLOR_NAME = AccentColor;
				CODE_SIGN_STYLE = Automatic;
				CURRENT_PROJECT_VERSION = 1;
				DEVELOPMENT_ASSET_PATHS = "\"Takeit SwiftUI/Preview Content\"";
				DEVELOPMENT_TEAM = DMGAR84JRK;
				ENABLE_PREVIEWS = YES;
				GENERATE_INFOPLIST_FILE = YES;
				INFOPLIST_KEY_UIApplicationSceneManifest_Generation = YES;
				INFOPLIST_KEY_UIApplicationSupportsIndirectInputEvents = YES;
				INFOPLIST_KEY_UILaunchScreen_Generation = YES;
				INFOPLIST_KEY_UISupportedInterfaceOrientations_iPad = "UIInterfaceOrientationPortrait UIInterfaceOrientationPortraitUpsideDown UIInterfaceOrientationLandscapeLeft UIInterfaceOrientationLandscapeRight";
				INFOPLIST_KEY_UISupportedInterfaceOrientations_iPhone = "UIInterfaceOrientationPortrait UIInterfaceOrientationLandscapeLeft UIInterfaceOrientationLandscapeRight";
				LD_RUNPATH_SEARCH_PATHS = (
					"$(inherited)",
					"@executable_path/Frameworks",
				);
				MARKETING_VERSION = 1.0;
				PRODUCT_BUNDLE_IDENTIFIER = "app.odagiri.kentaro.Takeit-SwiftUI-3";
				PRODUCT_NAME = "$(TARGET_NAME)";
				SWIFT_EMIT_LOC_STRINGS = YES;
				SWIFT_VERSION = 5.0;
				TARGETED_DEVICE_FAMILY = "1,2";
			};
			name = Debug;
		};
		7C8956502CFF492800283908 /* Release */ = {
			isa = XCBuildConfiguration;
			buildSettings = {
				ASSETCATALOG_COMPILER_APPICON_NAME = AppIcon;
				ASSETCATALOG_COMPILER_GLOBAL_ACCENT_COLOR_NAME = AccentColor;
				CODE_SIGN_STYLE = Automatic;
				CURRENT_PROJECT_VERSION = 1;
				DEVELOPMENT_ASSET_PATHS = "\"Takeit SwiftUI/Preview Content\"";
				DEVELOPMENT_TEAM = DMGAR84JRK;
				ENABLE_PREVIEWS = YES;
				GENERATE_INFOPLIST_FILE = YES;
				INFOPLIST_KEY_UIApplicationSceneManifest_Generation = YES;
				INFOPLIST_KEY_UIApplicationSupportsIndirectInputEvents = YES;
				INFOPLIST_KEY_UILaunchScreen_Generation = YES;
				INFOPLIST_KEY_UISupportedInterfaceOrientations_iPad = "UIInterfaceOrientationPortrait UIInterfaceOrientationPortraitUpsideDown UIInterfaceOrientationLandscapeLeft UIInterfaceOrientationLandscapeRight";
				INFOPLIST_KEY_UISupportedInterfaceOrientations_iPhone = "UIInterfaceOrientationPortrait UIInterfaceOrientationLandscapeLeft UIInterfaceOrientationLandscapeRight";
				LD_RUNPATH_SEARCH_PATHS = (
					"$(inherited)",
					"@executable_path/Frameworks",
				);
				MARKETING_VERSION = 1.0;
				PRODUCT_BUNDLE_IDENTIFIER = "app.odagiri.kentaro.Takeit-SwiftUI-3";
				PRODUCT_NAME = "$(TARGET_NAME)";
				SWIFT_EMIT_LOC_STRINGS = YES;
				SWIFT_VERSION = 5.0;
				TARGETED_DEVICE_FAMILY = "1,2";
			};
			name = Release;
		};
/* End XCBuildConfiguration section */

/* Begin XCConfigurationList section */
		7C89563B2CFF492700283908 /* Build configuration list for PBXProject "Takeit SwiftUI" */ = {
			isa = XCConfigurationList;
			buildConfigurations = (
				7C89564C2CFF492800283908 /* Debug */,
				7C89564D2CFF492800283908 /* Release */,
			);
			defaultConfigurationIsVisible = 0;
			defaultConfigurationName = Release;
		};
		7C89564E2CFF492800283908 /* Build configuration list for PBXNativeTarget "Takeit SwiftUI" */ = {
			isa = XCConfigurationList;
			buildConfigurations = (
				7C89564F2CFF492800283908 /* Debug */,
				7C8956502CFF492800283908 /* Release */,
			);
			defaultConfigurationIsVisible = 0;
			defaultConfigurationName = Release;
		};
/* End XCConfigurationList section */

/* Begin XCRemoteSwiftPackageReference section */
		7C8956A42D1D2A1700283908 /* XCRemoteSwiftPackageReference "firebase-ios-sdk" */ = {
			isa = XCRemoteSwiftPackageReference;
			repositoryURL = "https://github.com/firebase/firebase-ios-sdk";
			requirement = {
				kind = upToNextMajorVersion;
				minimumVersion = 11.6.0;
			};
		};
/* End XCRemoteSwiftPackageReference section */

/* Begin XCSwiftPackageProductDependency section */
		7C8956A52D1D2A1700283908 /* FirebaseAnalytics */ = {
			isa = XCSwiftPackageProductDependency;
			package = 7C8956A42D1D2A1700283908 /* XCRemoteSwiftPackageReference "firebase-ios-sdk" */;
			productName = FirebaseAnalytics;
		};
		7C8956A72D1D2A1700283908 /* FirebaseCore */ = {
			isa = XCSwiftPackageProductDependency;
			package = 7C8956A42D1D2A1700283908 /* XCRemoteSwiftPackageReference "firebase-ios-sdk" */;
			productName = FirebaseCore;
		};
		7C8956A92D1D2A1700283908 /* FirebaseDatabase */ = {
			isa = XCSwiftPackageProductDependency;
			package = 7C8956A42D1D2A1700283908 /* XCRemoteSwiftPackageReference "firebase-ios-sdk" */;
			productName = FirebaseDatabase;
		};
		7C8956AB2D1D2A1700283908 /* FirebaseFirestore */ = {
			isa = XCSwiftPackageProductDependency;
			package = 7C8956A42D1D2A1700283908 /* XCRemoteSwiftPackageReference "firebase-ios-sdk" */;
			productName = FirebaseFirestore;
		};
/* End XCSwiftPackageProductDependency section */
	};
	rootObject = 7C8956382CFF492700283908 /* Project object */;
}
